
Microsoft Visual Studio Solution File, Format Version 12.00
# Visual Studio Version 17
VisualStudioVersion = 17.7.34031.279
MinimumVisualStudioVersion = 10.0.40219.1
Project("{9A19103F-16F7-4668-BE54-9A1E7A4F7556}") = "PlatformNet6", "PlatformNet6\PlatformNet6.csproj", "{C7BAA652-668E-460F-B643-8B9D31C302AA}"
EndProject
Project("{9A19103F-16F7-4668-BE54-9A1E7A4F7556}") = "OAuth20.Server", "OAuth20.Server\OAuth20.Server.csproj", "{0C369367-97E1-4EFE-BE00-2BD1C80DC9EE}"
EndProject
Project("{FAE04EC0-301F-11D3-BF4B-00C04F79EFBC}") = "ProtectedResourceApp_JwtBearer", "ProtectedResourceApp_JwtBearer\ProtectedResourceApp_JwtBearer.csproj", "{91583716-1543-4915-A0CC-751B101C5BE7}"
EndProject
Global
	GlobalSection(SolutionConfigurationPlatforms) = preSolution
		Debug|Any CPU = Debug|Any CPU
		Release|Any CPU = Release|Any CPU
	EndGlobalSection
	GlobalSection(ProjectConfigurationPlatforms) = postSolution
		{C7BAA652-668E-460F-B643-8B9D31C302AA}.Debug|Any CPU.ActiveCfg = Debug|Any CPU
		{C7BAA652-668E-460F-B643-8B9D31C302AA}.Debug|Any CPU.Build.0 = Debug|Any CPU
		{C7BAA652-668E-460F-B643-8B9D31C302AA}.Release|Any CPU.ActiveCfg = Release|Any CPU
		{C7BAA652-668E-460F-B643-8B9D31C302AA}.Release|Any CPU.Build.0 = Release|Any CPU
		{0C369367-97E1-4EFE-BE00-2BD1C80DC9EE}.Debug|Any CPU.ActiveCfg = Debug|Any CPU
		{0C369367-97E1-4EFE-BE00-2BD1C80DC9EE}.Debug|Any CPU.Build.0 = Debug|Any CPU
		{0C369367-97E1-4EFE-BE00-2BD1C80DC9EE}.Release|Any CPU.ActiveCfg = Release|Any CPU
		{0C369367-97E1-4EFE-BE00-2BD1C80DC9EE}.Release|Any CPU.Build.0 = Release|Any CPU
		{91583716-1543-4915-A0CC-751B101C5BE7}.Debug|Any CPU.ActiveCfg = Debug|Any CPU
		{91583716-1543-4915-A0CC-751B101C5BE7}.Debug|Any CPU.Build.0 = Debug|Any CPU
		{91583716-1543-4915-A0CC-751B101C5BE7}.Release|Any CPU.ActiveCfg = Release|Any CPU
		{91583716-1543-4915-A0CC-751B101C5BE7}.Release|Any CPU.Build.0 = Release|Any CPU
	EndGlobalSection
	GlobalSection(SolutionProperties) = preSolution
		HideSolutionNode = FALSE
	EndGlobalSection
	GlobalSection(ExtensibilityGlobals) = postSolution
		SolutionGuid = {B88B432D-2084-43C8-A915-90249A6117C9}
	EndGlobalSection
EndGlobal
